
Microsoft Visual Studio Solution File, Format Version 12.00
# Visual Studio Version 16
VisualStudioVersion = 16.0.29613.14
MinimumVisualStudioVersion = 10.0.40219.1
Project("{FAE04EC0-301F-11D3-BF4B-00C04F79EFBC}") = "XmlTask", "XmlTask\XmlTask.csproj", "{20137C4F-B289-4571-8334-E28F7F6D2C4D}"
EndProject
Global
	GlobalSection(SolutionConfigurationPlatforms) = preSolution
		Debug|Any CPU = Debug|Any CPU
		Release|Any CPU = Release|Any CPU
	EndGlobalSection
	GlobalSection(ProjectConfigurationPlatforms) = postSolution
		{20137C4F-B289-4571-8334-E28F7F6D2C4D}.Debug|Any CPU.ActiveCfg = Debug|Any CPU
		{20137C4F-B289-4571-8334-E28F7F6D2C4D}.Debug|Any CPU.Build.0 = Debug|Any CPU
		{20137C4F-B289-4571-8334-E28F7F6D2C4D}.Release|Any CPU.ActiveCfg = Release|Any CPU
		{20137C4F-B289-4571-8334-E28F7F6D2C4D}.Release|Any CPU.Build.0 = Release|Any CPU
	EndGlobalSection
	GlobalSection(SolutionProperties) = preSolution
		HideSolutionNode = FALSE
	EndGlobalSection
	GlobalSection(ExtensibilityGlobals) = postSolution
		SolutionGuid = {794368D9-F4DC-49C1-8ADE-2F66C2C22B29}
	EndGlobalSection
EndGlobal
